
Microsoft Visual Studio Solution File, Format Version 12.00
Project("{FAE04EC0-301F-11D3-BF4B-00C04F79EFBC}") = "MonkeyIsland.Api", "MonkeyIsland.Api\MonkeyIsland.Api.csproj", "{0259AC89-BC1E-4D20-BEF3-DABB72A46C26}"
EndProject
Project("{FAE04EC0-301F-11D3-BF4B-00C04F79EFBC}") = "MonkeyIsland.Application", "MonkeyIsland.Application\MonkeyIsland.Application.csproj", "{1253A690-8D5C-4463-9B6E-60C23D4D9D7C}"
EndProject
Project("{FAE04EC0-301F-11D3-BF4B-00C04F79EFBC}") = "MonkeyIsland.Domain", "MonkeyIsland.Domain\MonkeyIsland.Domain.csproj", "{2BB1F874-6B01-414B-98F5-6545A36F59B4}"
EndProject
Project("{2150E333-8FDC-42A3-9474-1A3956D46DE8}") = "Solution Items", "Solution Items", "{57363A2D-A98F-477A-8032-C2FF77C64ED0}"
	ProjectSection(SolutionItems) = preProject
		.dockerignore = .dockerignore
		docker-compose.yaml = docker-compose.yaml
	EndProjectSection
EndProject
Global
	GlobalSection(SolutionConfigurationPlatforms) = preSolution
		Debug|Any CPU = Debug|Any CPU
		Release|Any CPU = Release|Any CPU
	EndGlobalSection
	GlobalSection(ProjectConfigurationPlatforms) = postSolution
		{0259AC89-BC1E-4D20-BEF3-DABB72A46C26}.Debug|Any CPU.ActiveCfg = Debug|Any CPU
		{0259AC89-BC1E-4D20-BEF3-DABB72A46C26}.Debug|Any CPU.Build.0 = Debug|Any CPU
		{0259AC89-BC1E-4D20-BEF3-DABB72A46C26}.Release|Any CPU.ActiveCfg = Release|Any CPU
		{0259AC89-BC1E-4D20-BEF3-DABB72A46C26}.Release|Any CPU.Build.0 = Release|Any CPU
		{1253A690-8D5C-4463-9B6E-60C23D4D9D7C}.Debug|Any CPU.ActiveCfg = Debug|Any CPU
		{1253A690-8D5C-4463-9B6E-60C23D4D9D7C}.Debug|Any CPU.Build.0 = Debug|Any CPU
		{1253A690-8D5C-4463-9B6E-60C23D4D9D7C}.Release|Any CPU.ActiveCfg = Release|Any CPU
		{1253A690-8D5C-4463-9B6E-60C23D4D9D7C}.Release|Any CPU.Build.0 = Release|Any CPU
		{2BB1F874-6B01-414B-98F5-6545A36F59B4}.Debug|Any CPU.ActiveCfg = Debug|Any CPU
		{2BB1F874-6B01-414B-98F5-6545A36F59B4}.Debug|Any CPU.Build.0 = Debug|Any CPU
		{2BB1F874-6B01-414B-98F5-6545A36F59B4}.Release|Any CPU.ActiveCfg = Release|Any CPU
		{2BB1F874-6B01-414B-98F5-6545A36F59B4}.Release|Any CPU.Build.0 = Release|Any CPU
	EndGlobalSection
EndGlobal
